// !$*UTF8*$!
{
	archiveVersion = 1;
	classes = {
	};
	objectVersion = 46;
	objects = {

/* Begin PBXBuildFile section */
		198FB781721EE1EC28FF743C /* Pods_Goldprice.framework in Frameworks */ = {isa = PBXBuildFile; fileRef = 0DF14319F54BCE60578963B6 /* Pods_Goldprice.framework */; };
		2033AF531EED248C00984A28 /* AppDelegate.swift in Sources */ = {isa = PBXBuildFile; fileRef = 2033AF521EED248C00984A28 /* AppDelegate.swift */; };
		2033AF581EED248C00984A28 /* Main.storyboard in Resources */ = {isa = PBXBuildFile; fileRef = 2033AF561EED248C00984A28 /* Main.storyboard */; };
		2033AF5A1EED248C00984A28 /* Assets.xcassets in Resources */ = {isa = PBXBuildFile; fileRef = 2033AF591EED248C00984A28 /* Assets.xcassets */; };
		2033AF5D1EED248C00984A28 /* LaunchScreen.storyboard in Resources */ = {isa = PBXBuildFile; fileRef = 2033AF5B1EED248C00984A28 /* LaunchScreen.storyboard */; };
		2035CF351EED2D8E00114A09 /* HomeDatasourceController.swift in Sources */ = {isa = PBXBuildFile; fileRef = 2035CF341EED2D8E00114A09 /* HomeDatasourceController.swift */; };
		2035CF671EED327500114A09 /* CachedImageView.swift in Sources */ = {isa = PBXBuildFile; fileRef = 2035CF5A1EED327500114A09 /* CachedImageView.swift */; };
		2035CF681EED327500114A09 /* Datasource.swift in Sources */ = {isa = PBXBuildFile; fileRef = 2035CF5B1EED327500114A09 /* Datasource.swift */; };
		2035CF691EED327500114A09 /* DatasourceCell.swift in Sources */ = {isa = PBXBuildFile; fileRef = 2035CF5C1EED327500114A09 /* DatasourceCell.swift */; };
		2035CF6A1EED327500114A09 /* DatasourceController.swift in Sources */ = {isa = PBXBuildFile; fileRef = 2035CF5D1EED327500114A09 /* DatasourceController.swift */; };
		2035CF6B1EED327500114A09 /* DefaultCells.swift in Sources */ = {isa = PBXBuildFile; fileRef = 2035CF5E1EED327500114A09 /* DefaultCells.swift */; };
		2035CF6C1EED327500114A09 /* DiscardableImageCacheItem.swift in Sources */ = {isa = PBXBuildFile; fileRef = 2035CF5F1EED327500114A09 /* DiscardableImageCacheItem.swift */; };
		2035CF6D1EED327500114A09 /* LBTALabel.swift in Sources */ = {isa = PBXBuildFile; fileRef = 2035CF601EED327500114A09 /* LBTALabel.swift */; };
		2035CF6E1EED327500114A09 /* LBTATextView.swift in Sources */ = {isa = PBXBuildFile; fileRef = 2035CF611EED327500114A09 /* LBTATextView.swift */; };
		2035CF6F1EED327500114A09 /* NSMutableAttributedString+Helper.swift in Sources */ = {isa = PBXBuildFile; fileRef = 2035CF621EED327500114A09 /* NSMutableAttributedString+Helper.swift */; };
		2035CF701EED327500114A09 /* UIButton+Helper.swift in Sources */ = {isa = PBXBuildFile; fileRef = 2035CF631EED327500114A09 /* UIButton+Helper.swift */; };
		2035CF721EED327500114A09 /* UIImage+Helper.swift in Sources */ = {isa = PBXBuildFile; fileRef = 2035CF651EED327500114A09 /* UIImage+Helper.swift */; };
		2035CF731EED327500114A09 /* UIView+Anchors.swift in Sources */ = {isa = PBXBuildFile; fileRef = 2035CF661EED327500114A09 /* UIView+Anchors.swift */; };
		2035CF761EED3D8100114A09 /* HomeDatasourceController+navbar.swift in Sources */ = {isa = PBXBuildFile; fileRef = 2035CF751EED3D8100114A09 /* HomeDatasourceController+navbar.swift */; };
		2035CF7B1EED48ED00114A09 /* UIColor+helper.swift in Sources */ = {isa = PBXBuildFile; fileRef = 2035CF7A1EED48ED00114A09 /* UIColor+helper.swift */; };
		2035CF7E1EED4A4C00114A09 /* HomeDatasource.swift in Sources */ = {isa = PBXBuildFile; fileRef = 2035CF7D1EED4A4C00114A09 /* HomeDatasource.swift */; };
		2035CF811EED4D7600114A09 /* GoldPrice.swift in Sources */ = {isa = PBXBuildFile; fileRef = 2035CF801EED4D7600114A09 /* GoldPrice.swift */; };
		2035CF831EED512000114A09 /* GoldPriceCell.swift in Sources */ = {isa = PBXBuildFile; fileRef = 2035CF821EED512000114A09 /* GoldPriceCell.swift */; };
		2035CF861EED743F00114A09 /* Service.swift in Sources */ = {isa = PBXBuildFile; fileRef = 2035CF851EED743F00114A09 /* Service.swift */; };
		2035CF881EED748D00114A09 /* Networkconfig.swift in Sources */ = {isa = PBXBuildFile; fileRef = 2035CF871EED748D00114A09 /* Networkconfig.swift */; };
		2035CF8A1EED774B00114A09 /* Collection+helper.swift in Sources */ = {isa = PBXBuildFile; fileRef = 2035CF891EED774B00114A09 /* Collection+helper.swift */; };
		2035CF8C1EED7FAF00114A09 /* DatetimeHelper.swift in Sources */ = {isa = PBXBuildFile; fileRef = 2035CF8B1EED7FAF00114A09 /* DatetimeHelper.swift */; };
		2035CF8F1EEDB42200114A09 /* LineChart.swift in Sources */ = {isa = PBXBuildFile; fileRef = 2035CF8E1EEDB42200114A09 /* LineChart.swift */; };
/* End PBXBuildFile section */

/* Begin PBXFileReference section */
		0DF14319F54BCE60578963B6 /* Pods_Goldprice.framework */ = {isa = PBXFileReference; explicitFileType = wrapper.framework; includeInIndex = 0; path = Pods_Goldprice.framework; sourceTree = BUILT_PRODUCTS_DIR; };
		1FCAECC111C43ADB474388F9 /* Pods-Goldprice.debug.xcconfig */ = {isa = PBXFileReference; includeInIndex = 1; lastKnownFileType = text.xcconfig; name = "Pods-Goldprice.debug.xcconfig"; path = "Pods/Target Support Files/Pods-Goldprice/Pods-Goldprice.debug.xcconfig"; sourceTree = "<group>"; };
		2033AF4F1EED248C00984A28 /* Goldprice.app */ = {isa = PBXFileReference; explicitFileType = wrapper.application; includeInIndex = 0; path = Goldprice.app; sourceTree = BUILT_PRODUCTS_DIR; };
		2033AF521EED248C00984A28 /* AppDelegate.swift */ = {isa = PBXFileReference; lastKnownFileType = sourcecode.swift; path = AppDelegate.swift; sourceTree = "<group>"; };
		2033AF571EED248C00984A28 /* Base */ = {isa = PBXFileReference; lastKnownFileType = file.storyboard; name = Base; path = Base.lproj/Main.storyboard; sourceTree = "<group>"; };
		2033AF591EED248C00984A28 /* Assets.xcassets */ = {isa = PBXFileReference; lastKnownFileType = folder.assetcatalog; path = Assets.xcassets; sourceTree = "<group>"; };
		2033AF5C1EED248C00984A28 /* Base */ = {isa = PBXFileReference; lastKnownFileType = file.storyboard; name = Base; path = Base.lproj/LaunchScreen.storyboard; sourceTree = "<group>"; };
		2033AF5E1EED248C00984A28 /* Info.plist */ = {isa = PBXFileReference; lastKnownFileType = text.plist.xml; path = Info.plist; sourceTree = "<group>"; };
		2035CF341EED2D8E00114A09 /* HomeDatasourceController.swift */ = {isa = PBXFileReference; fileEncoding = 4; lastKnownFileType = sourcecode.swift; path = HomeDatasourceController.swift; sourceTree = "<group>"; };
		2035CF5A1EED327500114A09 /* CachedImageView.swift */ = {isa = PBXFileReference; fileEncoding = 4; lastKnownFileType = sourcecode.swift; name = CachedImageView.swift; path = Goldprice/LBTAComponents/CachedImageView.swift; sourceTree = "<group>"; };
		2035CF5B1EED327500114A09 /* Datasource.swift */ = {isa = PBXFileReference; fileEncoding = 4; lastKnownFileType = sourcecode.swift; name = Datasource.swift; path = Goldprice/LBTAComponents/Datasource.swift; sourceTree = "<group>"; };
		2035CF5C1EED327500114A09 /* DatasourceCell.swift */ = {isa = PBXFileReference; fileEncoding = 4; lastKnownFileType = sourcecode.swift; name = DatasourceCell.swift; path = Goldprice/LBTAComponents/DatasourceCell.swift; sourceTree = "<group>"; };
		2035CF5D1EED327500114A09 /* DatasourceController.swift */ = {isa = PBXFileReference; fileEncoding = 4; lastKnownFileType = sourcecode.swift; name = DatasourceController.swift; path = Goldprice/LBTAComponents/DatasourceController.swift; sourceTree = "<group>"; };
		2035CF5E1EED327500114A09 /* DefaultCells.swift */ = {isa = PBXFileReference; fileEncoding = 4; lastKnownFileType = sourcecode.swift; name = DefaultCells.swift; path = Goldprice/LBTAComponents/DefaultCells.swift; sourceTree = "<group>"; };
		2035CF5F1EED327500114A09 /* DiscardableImageCacheItem.swift */ = {isa = PBXFileReference; fileEncoding = 4; lastKnownFileType = sourcecode.swift; name = DiscardableImageCacheItem.swift; path = Goldprice/LBTAComponents/DiscardableImageCacheItem.swift; sourceTree = "<group>"; };
		2035CF601EED327500114A09 /* LBTALabel.swift */ = {isa = PBXFileReference; fileEncoding = 4; lastKnownFileType = sourcecode.swift; name = LBTALabel.swift; path = Goldprice/LBTAComponents/LBTALabel.swift; sourceTree = "<group>"; };
		2035CF611EED327500114A09 /* LBTATextView.swift */ = {isa = PBXFileReference; fileEncoding = 4; lastKnownFileType = sourcecode.swift; name = LBTATextView.swift; path = Goldprice/LBTAComponents/LBTATextView.swift; sourceTree = "<group>"; };
		2035CF621EED327500114A09 /* NSMutableAttributedString+Helper.swift */ = {isa = PBXFileReference; fileEncoding = 4; lastKnownFileType = sourcecode.swift; name = "NSMutableAttributedString+Helper.swift"; path = "Goldprice/LBTAComponents/NSMutableAttributedString+Helper.swift"; sourceTree = "<group>"; };
		2035CF631EED327500114A09 /* UIButton+Helper.swift */ = {isa = PBXFileReference; fileEncoding = 4; lastKnownFileType = sourcecode.swift; name = "UIButton+Helper.swift"; path = "Goldprice/LBTAComponents/UIButton+Helper.swift"; sourceTree = "<group>"; };
		2035CF651EED327500114A09 /* UIImage+Helper.swift */ = {isa = PBXFileReference; fileEncoding = 4; lastKnownFileType = sourcecode.swift; name = "UIImage+Helper.swift"; path = "Goldprice/LBTAComponents/UIImage+Helper.swift"; sourceTree = "<group>"; };
		2035CF661EED327500114A09 /* UIView+Anchors.swift */ = {isa = PBXFileReference; fileEncoding = 4; lastKnownFileType = sourcecode.swift; name = "UIView+Anchors.swift"; path = "Goldprice/LBTAComponents/UIView+Anchors.swift"; sourceTree = "<group>"; };
		2035CF751EED3D8100114A09 /* HomeDatasourceController+navbar.swift */ = {isa = PBXFileReference; fileEncoding = 4; lastKnownFileType = sourcecode.swift; path = "HomeDatasourceController+navbar.swift"; sourceTree = "<group>"; };
		2035CF7A1EED48ED00114A09 /* UIColor+helper.swift */ = {isa = PBXFileReference; fileEncoding = 4; lastKnownFileType = sourcecode.swift; path = "UIColor+helper.swift"; sourceTree = "<group>"; };
		2035CF7D1EED4A4C00114A09 /* HomeDatasource.swift */ = {isa = PBXFileReference; fileEncoding = 4; lastKnownFileType = sourcecode.swift; path = HomeDatasource.swift; sourceTree = "<group>"; };
		2035CF801EED4D7600114A09 /* GoldPrice.swift */ = {isa = PBXFileReference; fileEncoding = 4; lastKnownFileType = sourcecode.swift; path = GoldPrice.swift; sourceTree = "<group>"; };
		2035CF821EED512000114A09 /* GoldPriceCell.swift */ = {isa = PBXFileReference; fileEncoding = 4; lastKnownFileType = sourcecode.swift; path = GoldPriceCell.swift; sourceTree = "<group>"; };
		2035CF851EED743F00114A09 /* Service.swift */ = {isa = PBXFileReference; fileEncoding = 4; lastKnownFileType = sourcecode.swift; path = Service.swift; sourceTree = "<group>"; };
		2035CF871EED748D00114A09 /* Networkconfig.swift */ = {isa = PBXFileReference; fileEncoding = 4; lastKnownFileType = sourcecode.swift; path = Networkconfig.swift; sourceTree = "<group>"; };
		2035CF891EED774B00114A09 /* Collection+helper.swift */ = {isa = PBXFileReference; fileEncoding = 4; lastKnownFileType = sourcecode.swift; path = "Collection+helper.swift"; sourceTree = "<group>"; };
		2035CF8B1EED7FAF00114A09 /* DatetimeHelper.swift */ = {isa = PBXFileReference; fileEncoding = 4; lastKnownFileType = sourcecode.swift; path = DatetimeHelper.swift; sourceTree = "<group>"; };
		2035CF8E1EEDB42200114A09 /* LineChart.swift */ = {isa = PBXFileReference; fileEncoding = 4; lastKnownFileType = sourcecode.swift; path = LineChart.swift; sourceTree = "<group>"; };
		42857657B5F17B3479A258B3 /* Pods-Goldprice.release.xcconfig */ = {isa = PBXFileReference; includeInIndex = 1; lastKnownFileType = text.xcconfig; name = "Pods-Goldprice.release.xcconfig"; path = "Pods/Target Support Files/Pods-Goldprice/Pods-Goldprice.release.xcconfig"; sourceTree = "<group>"; };
/* End PBXFileReference section */

/* Begin PBXFrameworksBuildPhase section */
		2033AF4C1EED248C00984A28 /* Frameworks */ = {
			isa = PBXFrameworksBuildPhase;
			buildActionMask = 2147483647;
			files = (
				198FB781721EE1EC28FF743C /* Pods_Goldprice.framework in Frameworks */,
			);
			runOnlyForDeploymentPostprocessing = 0;
		};
/* End PBXFrameworksBuildPhase section */

/* Begin PBXGroup section */
		0B07BA038455ABE825BDEE39 /* Pods */ = {
			isa = PBXGroup;
			children = (
				1FCAECC111C43ADB474388F9 /* Pods-Goldprice.debug.xcconfig */,
				42857657B5F17B3479A258B3 /* Pods-Goldprice.release.xcconfig */,
			);
			name = Pods;
			sourceTree = "<group>";
		};
		2033AF461EED248C00984A28 = {
			isa = PBXGroup;
			children = (
				2033AF511EED248C00984A28 /* Goldprice */,
				2033AF501EED248C00984A28 /* Products */,
				0B07BA038455ABE825BDEE39 /* Pods */,
				470777ACBDC44FB6D1A4047B /* Frameworks */,
			);
			sourceTree = "<group>";
		};
		2033AF501EED248C00984A28 /* Products */ = {
			isa = PBXGroup;
			children = (
				2033AF4F1EED248C00984A28 /* Goldprice.app */,
			);
			name = Products;
			sourceTree = "<group>";
		};
		2033AF511EED248C00984A28 /* Goldprice */ = {
			isa = PBXGroup;
			children = (
				2035CF841EED743100114A09 /* service */,
				2035CF7F1EED4A7300114A09 /* view */,
				2035CF7C1EED4A2700114A09 /* model */,
				2035CF771EED3EA800114A09 /* Utility */,
				2035CF741EED355500114A09 /* controller */,
				2033AF521EED248C00984A28 /* AppDelegate.swift */,
				2033AF561EED248C00984A28 /* Main.storyboard */,
				2033AF591EED248C00984A28 /* Assets.xcassets */,
				2033AF5B1EED248C00984A28 /* LaunchScreen.storyboard */,
				2033AF5E1EED248C00984A28 /* Info.plist */,
			);
			path = Goldprice;
			sourceTree = "<group>";
		};
		2035CF591EED325E00114A09 /* LBTAComponents */ = {
			isa = PBXGroup;
			children = (
				2035CF5A1EED327500114A09 /* CachedImageView.swift */,
				2035CF5B1EED327500114A09 /* Datasource.swift */,
				2035CF5C1EED327500114A09 /* DatasourceCell.swift */,
				2035CF5D1EED327500114A09 /* DatasourceController.swift */,
				2035CF5E1EED327500114A09 /* DefaultCells.swift */,
				2035CF5F1EED327500114A09 /* DiscardableImageCacheItem.swift */,
				2035CF601EED327500114A09 /* LBTALabel.swift */,
				2035CF611EED327500114A09 /* LBTATextView.swift */,
				2035CF621EED327500114A09 /* NSMutableAttributedString+Helper.swift */,
				2035CF631EED327500114A09 /* UIButton+Helper.swift */,
				2035CF651EED327500114A09 /* UIImage+Helper.swift */,
				2035CF661EED327500114A09 /* UIView+Anchors.swift */,
			);
			name = LBTAComponents;
			sourceTree = "<group>";
		};
		2035CF741EED355500114A09 /* controller */ = {
			isa = PBXGroup;
			children = (
				2035CF341EED2D8E00114A09 /* HomeDatasourceController.swift */,
				2035CF751EED3D8100114A09 /* HomeDatasourceController+navbar.swift */,
			);
			name = controller;
			sourceTree = "<group>";
		};
		2035CF771EED3EA800114A09 /* Utility */ = {
			isa = PBXGroup;
			children = (
				2035CF8E1EEDB42200114A09 /* LineChart.swift */,
				2035CF7A1EED48ED00114A09 /* UIColor+helper.swift */,
				2035CF871EED748D00114A09 /* Networkconfig.swift */,
				2035CF891EED774B00114A09 /* Collection+helper.swift */,
				2035CF8B1EED7FAF00114A09 /* DatetimeHelper.swift */,
			);
			name = Utility;
			sourceTree = "<group>";
		};
		2035CF7C1EED4A2700114A09 /* model */ = {
			isa = PBXGroup;
			children = (
				2035CF7D1EED4A4C00114A09 /* HomeDatasource.swift */,
				2035CF801EED4D7600114A09 /* GoldPrice.swift */,
			);
			name = model;
			sourceTree = "<group>";
		};
		2035CF7F1EED4A7300114A09 /* view */ = {
			isa = PBXGroup;
			children = (
				2035CF821EED512000114A09 /* GoldPriceCell.swift */,
			);
			name = view;
			sourceTree = "<group>";
		};
		2035CF841EED743100114A09 /* service */ = {
			isa = PBXGroup;
			children = (
				2035CF851EED743F00114A09 /* Service.swift */,
			);
			name = service;
			sourceTree = "<group>";
		};
		470777ACBDC44FB6D1A4047B /* Frameworks */ = {
			isa = PBXGroup;
			children = (
				2035CF591EED325E00114A09 /* LBTAComponents */,
				0DF14319F54BCE60578963B6 /* Pods_Goldprice.framework */,
			);
			name = Frameworks;
			sourceTree = "<group>";
		};
/* End PBXGroup section */

/* Begin PBXNativeTarget section */
		2033AF4E1EED248C00984A28 /* Goldprice */ = {
			isa = PBXNativeTarget;
			buildConfigurationList = 2033AF611EED248C00984A28 /* Build configuration list for PBXNativeTarget "Goldprice" */;
			buildPhases = (
				F1D7FAB26E259CF4E88FAD19 /* [CP] Check Pods Manifest.lock */,
				2033AF4B1EED248C00984A28 /* Sources */,
				2033AF4C1EED248C00984A28 /* Frameworks */,
				2033AF4D1EED248C00984A28 /* Resources */,
				F0C131F59D2AC840CE5E8E9F /* [CP] Embed Pods Frameworks */,
				F822DFA04D237BB55599DC15 /* [CP] Copy Pods Resources */,
			);
			buildRules = (
			);
			dependencies = (
			);
			name = Goldprice;
			productName = Goldprice;
			productReference = 2033AF4F1EED248C00984A28 /* Goldprice.app */;
			productType = "com.apple.product-type.application";
		};
/* End PBXNativeTarget section */

/* Begin PBXProject section */
		2033AF471EED248C00984A28 /* Project object */ = {
			isa = PBXProject;
			attributes = {
				LastSwiftUpdateCheck = 0830;
				LastUpgradeCheck = 0830;
				ORGANIZATIONNAME = "Nguyen Trong Khoi";
				TargetAttributes = {
					2033AF4E1EED248C00984A28 = {
						CreatedOnToolsVersion = 8.3.3;
						DevelopmentTeam = 87E55Q9ME9;
						ProvisioningStyle = Automatic;
					};
				};
			};
			buildConfigurationList = 2033AF4A1EED248C00984A28 /* Build configuration list for PBXProject "Goldprice" */;
			compatibilityVersion = "Xcode 3.2";
			developmentRegion = English;
			hasScannedForEncodings = 0;
			knownRegions = (
				en,
				Base,
			);
			mainGroup = 2033AF461EED248C00984A28;
			productRefGroup = 2033AF501EED248C00984A28 /* Products */;
			projectDirPath = "";
			projectRoot = "";
			targets = (
				2033AF4E1EED248C00984A28 /* Goldprice */,
			);
		};
/* End PBXProject section */

/* Begin PBXResourcesBuildPhase section */
		2033AF4D1EED248C00984A28 /* Resources */ = {
			isa = PBXResourcesBuildPhase;
			buildActionMask = 2147483647;
			files = (
				2033AF5D1EED248C00984A28 /* LaunchScreen.storyboard in Resources */,
				2033AF5A1EED248C00984A28 /* Assets.xcassets in Resources */,
				2033AF581EED248C00984A28 /* Main.storyboard in Resources */,
			);
			runOnlyForDeploymentPostprocessing = 0;
		};
/* End PBXResourcesBuildPhase section */

/* Begin PBXShellScriptBuildPhase section */
		F0C131F59D2AC840CE5E8E9F /* [CP] Embed Pods Frameworks */ = {
			isa = PBXShellScriptBuildPhase;
			buildActionMask = 2147483647;
			files = (
			);
			inputPaths = (
			);
			name = "[CP] Embed Pods Frameworks";
			outputPaths = (
			);
			runOnlyForDeploymentPostprocessing = 0;
			shellPath = /bin/sh;
			shellScript = "\"${SRCROOT}/Pods/Target Support Files/Pods-Goldprice/Pods-Goldprice-frameworks.sh\"\n";
			showEnvVarsInLog = 0;
		};
		F1D7FAB26E259CF4E88FAD19 /* [CP] Check Pods Manifest.lock */ = {
			isa = PBXShellScriptBuildPhase;
			buildActionMask = 2147483647;
			files = (
			);
			inputPaths = (
			);
			name = "[CP] Check Pods Manifest.lock";
			outputPaths = (
			);
			runOnlyForDeploymentPostprocessing = 0;
			shellPath = /bin/sh;
			shellScript = "diff \"${PODS_PODFILE_DIR_PATH}/Podfile.lock\" \"${PODS_ROOT}/Manifest.lock\" > /dev/null\nif [ $? != 0 ] ; then\n    # print error to STDERR\n    echo \"error: The sandbox is not in sync with the Podfile.lock. Run 'pod install' or update your CocoaPods installation.\" >&2\n    exit 1\nfi\n";
			showEnvVarsInLog = 0;
		};
		F822DFA04D237BB55599DC15 /* [CP] Copy Pods Resources */ = {
			isa = PBXShellScriptBuildPhase;
			buildActionMask = 2147483647;
			files = (
			);
			inputPaths = (
			);
			name = "[CP] Copy Pods Resources";
			outputPaths = (
			);
			runOnlyForDeploymentPostprocessing = 0;
			shellPath = /bin/sh;
			shellScript = "\"${SRCROOT}/Pods/Target Support Files/Pods-Goldprice/Pods-Goldprice-resources.sh\"\n";
			showEnvVarsInLog = 0;
		};
/* End PBXShellScriptBuildPhase section */

/* Begin PBXSourcesBuildPhase section */
		2033AF4B1EED248C00984A28 /* Sources */ = {
			isa = PBXSourcesBuildPhase;
			buildActionMask = 2147483647;
			files = (
				2035CF731EED327500114A09 /* UIView+Anchors.swift in Sources */,
				2035CF351EED2D8E00114A09 /* HomeDatasourceController.swift in Sources */,
				2035CF6F1EED327500114A09 /* NSMutableAttributedString+Helper.swift in Sources */,
				2035CF7B1EED48ED00114A09 /* UIColor+helper.swift in Sources */,
				2035CF831EED512000114A09 /* GoldPriceCell.swift in Sources */,
				2035CF6C1EED327500114A09 /* DiscardableImageCacheItem.swift in Sources */,
				2035CF691EED327500114A09 /* DatasourceCell.swift in Sources */,
				2035CF681EED327500114A09 /* Datasource.swift in Sources */,
				2035CF6A1EED327500114A09 /* DatasourceController.swift in Sources */,
				2035CF721EED327500114A09 /* UIImage+Helper.swift in Sources */,
				2035CF8C1EED7FAF00114A09 /* DatetimeHelper.swift in Sources */,
				2035CF811EED4D7600114A09 /* GoldPrice.swift in Sources */,
				2035CF6E1EED327500114A09 /* LBTATextView.swift in Sources */,
				2035CF6B1EED327500114A09 /* DefaultCells.swift in Sources */,
				2035CF701EED327500114A09 /* UIButton+Helper.swift in Sources */,
				2035CF671EED327500114A09 /* CachedImageView.swift in Sources */,
				2035CF8A1EED774B00114A09 /* Collection+helper.swift in Sources */,
				2035CF761EED3D8100114A09 /* HomeDatasourceController+navbar.swift in Sources */,
				2035CF881EED748D00114A09 /* Networkconfig.swift in Sources */,
				2033AF531EED248C00984A28 /* AppDelegate.swift in Sources */,
				2035CF8F1EEDB42200114A09 /* LineChart.swift in Sources */,
				2035CF861EED743F00114A09 /* Service.swift in Sources */,
				2035CF6D1EED327500114A09 /* LBTALabel.swift in Sources */,
				2035CF7E1EED4A4C00114A09 /* HomeDatasource.swift in Sources */,
			);
			runOnlyForDeploymentPostprocessing = 0;
		};
/* End PBXSourcesBuildPhase section */

/* Begin PBXVariantGroup section */
		2033AF561EED248C00984A28 /* Main.storyboard */ = {
			isa = PBXVariantGroup;
			children = (
				2033AF571EED248C00984A28 /* Base */,
			);
			name = Main.storyboard;
			sourceTree = "<group>";
		};
		2033AF5B1EED248C00984A28 /* LaunchScreen.storyboard */ = {
			isa = PBXVariantGroup;
			children = (
				2033AF5C1EED248C00984A28 /* Base */,
			);
			name = LaunchScreen.storyboard;
			sourceTree = "<group>";
		};
/* End PBXVariantGroup section */

/* Begin XCBuildConfiguration section */
		2033AF5F1EED248C00984A28 /* Debug */ = {
			isa = XCBuildConfiguration;
			buildSettings = {
				ALWAYS_SEARCH_USER_PATHS = NO;
				CLANG_ANALYZER_NONNULL = YES;
				CLANG_ANALYZER_NUMBER_OBJECT_CONVERSION = YES_AGGRESSIVE;
				CLANG_CXX_LANGUAGE_STANDARD = "gnu++0x";
				CLANG_CXX_LIBRARY = "libc++";
				CLANG_ENABLE_MODULES = YES;
				CLANG_ENABLE_OBJC_ARC = YES;
				CLANG_WARN_BOOL_CONVERSION = YES;
				CLANG_WARN_CONSTANT_CONVERSION = YES;
				CLANG_WARN_DIRECT_OBJC_ISA_USAGE = YES_ERROR;
				CLANG_WARN_DOCUMENTATION_COMMENTS = YES;
				CLANG_WARN_EMPTY_BODY = YES;
				CLANG_WARN_ENUM_CONVERSION = YES;
				CLANG_WARN_INFINITE_RECURSION = YES;
				CLANG_WARN_INT_CONVERSION = YES;
				CLANG_WARN_OBJC_ROOT_CLASS = YES_ERROR;
				CLANG_WARN_SUSPICIOUS_MOVE = YES;
				CLANG_WARN_UNREACHABLE_CODE = YES;
				CLANG_WARN__DUPLICATE_METHOD_MATCH = YES;
				"CODE_SIGN_IDENTITY[sdk=iphoneos*]" = "iPhone Developer";
				COPY_PHASE_STRIP = NO;
				DEBUG_INFORMATION_FORMAT = dwarf;
				ENABLE_STRICT_OBJC_MSGSEND = YES;
				ENABLE_TESTABILITY = YES;
				GCC_C_LANGUAGE_STANDARD = gnu99;
				GCC_DYNAMIC_NO_PIC = NO;
				GCC_NO_COMMON_BLOCKS = YES;
				GCC_OPTIMIZATION_LEVEL = 0;
				GCC_PREPROCESSOR_DEFINITIONS = (
					"DEBUG=1",
					"$(inherited)",
				);
				GCC_WARN_64_TO_32_BIT_CONVERSION = YES;
				GCC_WARN_ABOUT_RETURN_TYPE = YES_ERROR;
				GCC_WARN_UNDECLARED_SELECTOR = YES;
				GCC_WARN_UNINITIALIZED_AUTOS = YES_AGGRESSIVE;
				GCC_WARN_UNUSED_FUNCTION = YES;
				GCC_WARN_UNUSED_VARIABLE = YES;
				IPHONEOS_DEPLOYMENT_TARGET = 10.3;
				MTL_ENABLE_DEBUG_INFO = YES;
				ONLY_ACTIVE_ARCH = YES;
				SDKROOT = iphoneos;
				SWIFT_ACTIVE_COMPILATION_CONDITIONS = DEBUG;
				SWIFT_OPTIMIZATION_LEVEL = "-Onone";
				TARGETED_DEVICE_FAMILY = "1,2";
			};
			name = Debug;
		};
		2033AF601EED248C00984A28 /* Release */ = {
			isa = XCBuildConfiguration;
			buildSettings = {
				ALWAYS_SEARCH_USER_PATHS = NO;
				CLANG_ANALYZER_NONNULL = YES;
				CLANG_ANALYZER_NUMBER_OBJECT_CONVERSION = YES_AGGRESSIVE;
				CLANG_CXX_LANGUAGE_STANDARD = "gnu++0x";
				CLANG_CXX_LIBRARY = "libc++";
				CLANG_ENABLE_MODULES = YES;
				CLANG_ENABLE_OBJC_ARC = YES;
				CLANG_WARN_BOOL_CONVERSION = YES;
				CLANG_WARN_CONSTANT_CONVERSION = YES;
				CLANG_WARN_DIRECT_OBJC_ISA_USAGE = YES_ERROR;
				CLANG_WARN_DOCUMENTATION_COMMENTS = YES;
				CLANG_WARN_EMPTY_BODY = YES;
				CLANG_WARN_ENUM_CONVERSION = YES;
				CLANG_WARN_INFINITE_RECURSION = YES;
				CLANG_WARN_INT_CONVERSION = YES;
				CLANG_WARN_OBJC_ROOT_CLASS = YES_ERROR;
				CLANG_WARN_SUSPICIOUS_MOVE = YES;
				CLANG_WARN_UNREACHABLE_CODE = YES;
				CLANG_WARN__DUPLICATE_METHOD_MATCH = YES;
				"CODE_SIGN_IDENTITY[sdk=iphoneos*]" = "iPhone Developer";
				COPY_PHASE_STRIP = NO;
				DEBUG_INFORMATION_FORMAT = "dwarf-with-dsym";
				ENABLE_NS_ASSERTIONS = NO;
				ENABLE_STRICT_OBJC_MSGSEND = YES;
				GCC_C_LANGUAGE_STANDARD = gnu99;
				GCC_NO_COMMON_BLOCKS = YES;
				GCC_WARN_64_TO_32_BIT_CONVERSION = YES;
				GCC_WARN_ABOUT_RETURN_TYPE = YES_ERROR;
				GCC_WARN_UNDECLARED_SELECTOR = YES;
				GCC_WARN_UNINITIALIZED_AUTOS = YES_AGGRESSIVE;
				GCC_WARN_UNUSED_FUNCTION = YES;
				GCC_WARN_UNUSED_VARIABLE = YES;
				IPHONEOS_DEPLOYMENT_TARGET = 10.3;
				MTL_ENABLE_DEBUG_INFO = NO;
				SDKROOT = iphoneos;
				SWIFT_OPTIMIZATION_LEVEL = "-Owholemodule";
				TARGETED_DEVICE_FAMILY = "1,2";
				VALIDATE_PRODUCT = YES;
			};
			name = Release;
		};
		2033AF621EED248C00984A28 /* Debug */ = {
			isa = XCBuildConfiguration;
			baseConfigurationReference = 1FCAECC111C43ADB474388F9 /* Pods-Goldprice.debug.xcconfig */;
			buildSettings = {
				ASSETCATALOG_COMPILER_APPICON_NAME = AppIcon;
				DEVELOPMENT_TEAM = 87E55Q9ME9;
				INFOPLIST_FILE = Goldprice/Info.plist;
				IPHONEOS_DEPLOYMENT_TARGET = 8.0;
				LD_RUNPATH_SEARCH_PATHS = "$(inherited) @executable_path/Frameworks";
				PRODUCT_BUNDLE_IDENTIFIER = com.khoint.goldprice.Goldprice;
				PRODUCT_NAME = "$(TARGET_NAME)";
				SWIFT_VERSION = 3.0;
			};
			name = Debug;
		};
		2033AF631EED248C00984A28 /* Release */ = {
			isa = XCBuildConfiguration;
			baseConfigurationReference = 42857657B5F17B3479A258B3 /* Pods-Goldprice.release.xcconfig */;
			buildSettings = {
				ASSETCATALOG_COMPILER_APPICON_NAME = AppIcon;
				DEVELOPMENT_TEAM = 87E55Q9ME9;
				INFOPLIST_FILE = Goldprice/Info.plist;
				IPHONEOS_DEPLOYMENT_TARGET = 8.0;
				LD_RUNPATH_SEARCH_PATHS = "$(inherited) @executable_path/Frameworks";
				PRODUCT_BUNDLE_IDENTIFIER = com.khoint.goldprice.Goldprice;
				PRODUCT_NAME = "$(TARGET_NAME)";
				SWIFT_VERSION = 3.0;
			};
			name = Release;
		};
/* End XCBuildConfiguration section */

/* Begin XCConfigurationList section */
		2033AF4A1EED248C00984A28 /* Build configuration list for PBXProject "Goldprice" */ = {
			isa = XCConfigurationList;
			buildConfigurations = (
				2033AF5F1EED248C00984A28 /* Debug */,
				2033AF601EED248C00984A28 /* Release */,
			);
			defaultConfigurationIsVisible = 0;
			defaultConfigurationName = Release;
		};
		2033AF611EED248C00984A28 /* Build configuration list for PBXNativeTarget "Goldprice" */ = {
			isa = XCConfigurationList;
			buildConfigurations = (
				2033AF621EED248C00984A28 /* Debug */,
				2033AF631EED248C00984A28 /* Release */,
			);
			defaultConfigurationIsVisible = 0;
			defaultConfigurationName = Release;
		};
/* End XCConfigurationList section */
	};
	rootObject = 2033AF471EED248C00984A28 /* Project object */;
}
